// !$*UTF8*$!
{
	archiveVersion = 1;
	classes = {
	};
	objectVersion = 46;
	objects = {

/* Begin PBXBuildFile section */
		188021901A840FF7005DCF02 /* Float.swift in Sources */ = {isa = PBXBuildFile; fileRef = 183964F21A82673E00D6E78E /* Float.swift */; };
		188021911A840FF7005DCF02 /* BezierPath.swift in Sources */ = {isa = PBXBuildFile; fileRef = 183964F01A82673400D6E78E /* BezierPath.swift */; };
		188021921A840FF7005DCF02 /* Gradient.swift in Sources */ = {isa = PBXBuildFile; fileRef = 183964F41A82674F00D6E78E /* Gradient.swift */; };
		188021931A840FF7005DCF02 /* BezierPathData.swift in Sources */ = {isa = PBXBuildFile; fileRef = 18B3D8EB1A6EA30100759E04 /* BezierPathData.swift */; };
		188021941A840FF7005DCF02 /* Color.swift in Sources */ = {isa = PBXBuildFile; fileRef = 18B3D8EC1A6EA30100759E04 /* Color.swift */; };
		188021951A840FF7005DCF02 /* CoreData.swift in Sources */ = {isa = PBXBuildFile; fileRef = 18B3D8ED1A6EA30100759E04 /* CoreData.swift */; };
		188021961A840FF7005DCF02 /* Dispatch.swift in Sources */ = {isa = PBXBuildFile; fileRef = 18B3D8EE1A6EA30100759E04 /* Dispatch.swift */; };
		188021971A840FF7005DCF02 /* Localization.swift in Sources */ = {isa = PBXBuildFile; fileRef = 18B3D8EF1A6EA30100759E04 /* Localization.swift */; };
		188021981A840FF7005DCF02 /* NSDate.swift in Sources */ = {isa = PBXBuildFile; fileRef = 18B3D8F01A6EA30100759E04 /* NSDate.swift */; };
		188021991A840FF7005DCF02 /* NSError.swift in Sources */ = {isa = PBXBuildFile; fileRef = 18B3D8F11A6EA30100759E04 /* NSError.swift */; };
		1880219A1A840FF7005DCF02 /* NSFileManager.swift in Sources */ = {isa = PBXBuildFile; fileRef = 18B3D8F21A6EA30100759E04 /* NSFileManager.swift */; };
		1880219B1A840FF7005DCF02 /* NSTimer.swift in Sources */ = {isa = PBXBuildFile; fileRef = 18B3D8F31A6EA30100759E04 /* NSTimer.swift */; };
		1880219C1A840FF7005DCF02 /* Platform.swift in Sources */ = {isa = PBXBuildFile; fileRef = 18B3D8F41A6EA30100759E04 /* Platform.swift */; };
		1880219D1A840FF7005DCF02 /* Randomize.swift in Sources */ = {isa = PBXBuildFile; fileRef = 18B3D8F51A6EA30100759E04 /* Randomize.swift */; };
		1880219E1A840FF7005DCF02 /* Result.swift in Sources */ = {isa = PBXBuildFile; fileRef = 18B3D8F61A6EA30100759E04 /* Result.swift */; };
		1880219F1A840FF7005DCF02 /* Sequence.swift in Sources */ = {isa = PBXBuildFile; fileRef = 18B3D8F71A6EA30100759E04 /* Sequence.swift */; };
		188021A01A840FF7005DCF02 /* String.swift in Sources */ = {isa = PBXBuildFile; fileRef = 18B3D8F81A6EA30100759E04 /* String.swift */; };
		188021A11A840FF7005DCF02 /* SynchronizedQueue.swift in Sources */ = {isa = PBXBuildFile; fileRef = 18B3D8F91A6EA30100759E04 /* SynchronizedQueue.swift */; };
		188021A21A840FF7005DCF02 /* UIApplication.swift in Sources */ = {isa = PBXBuildFile; fileRef = 18B3D8FA1A6EA30100759E04 /* UIApplication.swift */; };
		188021A31A840FF7005DCF02 /* UIDevice.swift in Sources */ = {isa = PBXBuildFile; fileRef = 18B3D8FB1A6EA30100759E04 /* UIDevice.swift */; };
		188021A41A840FF7005DCF02 /* UIKeyboard.swift in Sources */ = {isa = PBXBuildFile; fileRef = 18B3D8FC1A6EA30100759E04 /* UIKeyboard.swift */; };
		188021A51A840FF7005DCF02 /* UserDefinedRuntimeAttributes.swift in Sources */ = {isa = PBXBuildFile; fileRef = 18B3D8FD1A6EA30100759E04 /* UserDefinedRuntimeAttributes.swift */; };
		189D59131A85617200176058 /* Float.swift in Sources */ = {isa = PBXBuildFile; fileRef = 183964F21A82673E00D6E78E /* Float.swift */; };
		189D59141A85617200176058 /* BezierPath.swift in Sources */ = {isa = PBXBuildFile; fileRef = 183964F01A82673400D6E78E /* BezierPath.swift */; };
		189D59151A85617200176058 /* Gradient.swift in Sources */ = {isa = PBXBuildFile; fileRef = 183964F41A82674F00D6E78E /* Gradient.swift */; };
		189D59161A85617200176058 /* BezierPathData.swift in Sources */ = {isa = PBXBuildFile; fileRef = 18B3D8EB1A6EA30100759E04 /* BezierPathData.swift */; };
		189D59171A85617200176058 /* Color.swift in Sources */ = {isa = PBXBuildFile; fileRef = 18B3D8EC1A6EA30100759E04 /* Color.swift */; };
		189D59181A85617200176058 /* CoreData.swift in Sources */ = {isa = PBXBuildFile; fileRef = 18B3D8ED1A6EA30100759E04 /* CoreData.swift */; };
		189D59191A85617200176058 /* Dispatch.swift in Sources */ = {isa = PBXBuildFile; fileRef = 18B3D8EE1A6EA30100759E04 /* Dispatch.swift */; };
		189D591A1A85617200176058 /* Localization.swift in Sources */ = {isa = PBXBuildFile; fileRef = 18B3D8EF1A6EA30100759E04 /* Localization.swift */; };
		189D591B1A85617200176058 /* NSDate.swift in Sources */ = {isa = PBXBuildFile; fileRef = 18B3D8F01A6EA30100759E04 /* NSDate.swift */; };
		189D591C1A85617200176058 /* NSError.swift in Sources */ = {isa = PBXBuildFile; fileRef = 18B3D8F11A6EA30100759E04 /* NSError.swift */; };
		189D591D1A85617200176058 /* NSFileManager.swift in Sources */ = {isa = PBXBuildFile; fileRef = 18B3D8F21A6EA30100759E04 /* NSFileManager.swift */; };
		189D591E1A85617200176058 /* NSTimer.swift in Sources */ = {isa = PBXBuildFile; fileRef = 18B3D8F31A6EA30100759E04 /* NSTimer.swift */; };
		189D591F1A85617200176058 /* Platform.swift in Sources */ = {isa = PBXBuildFile; fileRef = 18B3D8F41A6EA30100759E04 /* Platform.swift */; };
		189D59201A85617200176058 /* Randomize.swift in Sources */ = {isa = PBXBuildFile; fileRef = 18B3D8F51A6EA30100759E04 /* Randomize.swift */; };
		189D59211A85617200176058 /* Result.swift in Sources */ = {isa = PBXBuildFile; fileRef = 18B3D8F61A6EA30100759E04 /* Result.swift */; };
		189D59221A85617200176058 /* Sequence.swift in Sources */ = {isa = PBXBuildFile; fileRef = 18B3D8F71A6EA30100759E04 /* Sequence.swift */; };
		189D59231A85617200176058 /* String.swift in Sources */ = {isa = PBXBuildFile; fileRef = 18B3D8F81A6EA30100759E04 /* String.swift */; };
		189D59241A85617200176058 /* SynchronizedQueue.swift in Sources */ = {isa = PBXBuildFile; fileRef = 18B3D8F91A6EA30100759E04 /* SynchronizedQueue.swift */; };
		189D59251A85617200176058 /* UIApplication.swift in Sources */ = {isa = PBXBuildFile; fileRef = 18B3D8FA1A6EA30100759E04 /* UIApplication.swift */; };
		189D59261A85617200176058 /* UIDevice.swift in Sources */ = {isa = PBXBuildFile; fileRef = 18B3D8FB1A6EA30100759E04 /* UIDevice.swift */; };
		189D59271A85617200176058 /* UIKeyboard.swift in Sources */ = {isa = PBXBuildFile; fileRef = 18B3D8FC1A6EA30100759E04 /* UIKeyboard.swift */; };
		189D59281A85617200176058 /* UserDefinedRuntimeAttributes.swift in Sources */ = {isa = PBXBuildFile; fileRef = 18B3D8FD1A6EA30100759E04 /* UserDefinedRuntimeAttributes.swift */; };
/* End PBXBuildFile section */

/* Begin PBXFileReference section */
		183964F01A82673400D6E78E /* BezierPath.swift */ = {isa = PBXFileReference; fileEncoding = 4; lastKnownFileType = sourcecode.swift; name = BezierPath.swift; path = Source/BezierPath.swift; sourceTree = SOURCE_ROOT; };
		183964F21A82673E00D6E78E /* Float.swift */ = {isa = PBXFileReference; fileEncoding = 4; lastKnownFileType = sourcecode.swift; name = Float.swift; path = Source/Float.swift; sourceTree = SOURCE_ROOT; };
		183964F41A82674F00D6E78E /* Gradient.swift */ = {isa = PBXFileReference; fileEncoding = 4; lastKnownFileType = sourcecode.swift; name = Gradient.swift; path = Source/Gradient.swift; sourceTree = SOURCE_ROOT; };
		18741C211A855927007F6C2E /* Jarod.framework */ = {isa = PBXFileReference; explicitFileType = wrapper.framework; includeInIndex = 0; path = Jarod.framework; sourceTree = BUILT_PRODUCTS_DIR; };
		18741C241A855927007F6C2E /* InfoOSX.plist */ = {isa = PBXFileReference; lastKnownFileType = text.plist.xml; name = InfoOSX.plist; path = Source/InfoOSX.plist; sourceTree = SOURCE_ROOT; };
		188021771A840F77005DCF02 /* Jarod.framework */ = {isa = PBXFileReference; explicitFileType = wrapper.framework; includeInIndex = 0; path = Jarod.framework; sourceTree = BUILT_PRODUCTS_DIR; };
		1880217A1A840F77005DCF02 /* Info.plist */ = {isa = PBXFileReference; lastKnownFileType = text.plist.xml; name = Info.plist; path = Source/Info.plist; sourceTree = SOURCE_ROOT; };
		18B3D8EB1A6EA30100759E04 /* BezierPathData.swift */ = {isa = PBXFileReference; fileEncoding = 4; lastKnownFileType = sourcecode.swift; name = BezierPathData.swift; path = Source/BezierPathData.swift; sourceTree = SOURCE_ROOT; };
		18B3D8EC1A6EA30100759E04 /* Color.swift */ = {isa = PBXFileReference; fileEncoding = 4; lastKnownFileType = sourcecode.swift; name = Color.swift; path = Source/Color.swift; sourceTree = SOURCE_ROOT; };
		18B3D8ED1A6EA30100759E04 /* CoreData.swift */ = {isa = PBXFileReference; fileEncoding = 4; lastKnownFileType = sourcecode.swift; name = CoreData.swift; path = Source/CoreData.swift; sourceTree = SOURCE_ROOT; };
		18B3D8EE1A6EA30100759E04 /* Dispatch.swift */ = {isa = PBXFileReference; fileEncoding = 4; lastKnownFileType = sourcecode.swift; name = Dispatch.swift; path = Source/Dispatch.swift; sourceTree = SOURCE_ROOT; };
		18B3D8EF1A6EA30100759E04 /* Localization.swift */ = {isa = PBXFileReference; fileEncoding = 4; lastKnownFileType = sourcecode.swift; name = Localization.swift; path = Source/Localization.swift; sourceTree = SOURCE_ROOT; };
		18B3D8F01A6EA30100759E04 /* NSDate.swift */ = {isa = PBXFileReference; fileEncoding = 4; lastKnownFileType = sourcecode.swift; name = NSDate.swift; path = Source/NSDate.swift; sourceTree = SOURCE_ROOT; };
		18B3D8F11A6EA30100759E04 /* NSError.swift */ = {isa = PBXFileReference; fileEncoding = 4; lastKnownFileType = sourcecode.swift; name = NSError.swift; path = Source/NSError.swift; sourceTree = SOURCE_ROOT; };
		18B3D8F21A6EA30100759E04 /* NSFileManager.swift */ = {isa = PBXFileReference; fileEncoding = 4; lastKnownFileType = sourcecode.swift; name = NSFileManager.swift; path = Source/NSFileManager.swift; sourceTree = SOURCE_ROOT; };
		18B3D8F31A6EA30100759E04 /* NSTimer.swift */ = {isa = PBXFileReference; fileEncoding = 4; lastKnownFileType = sourcecode.swift; name = NSTimer.swift; path = Source/NSTimer.swift; sourceTree = SOURCE_ROOT; };
		18B3D8F41A6EA30100759E04 /* Platform.swift */ = {isa = PBXFileReference; fileEncoding = 4; lastKnownFileType = sourcecode.swift; name = Platform.swift; path = Source/Platform.swift; sourceTree = SOURCE_ROOT; };
		18B3D8F51A6EA30100759E04 /* Randomize.swift */ = {isa = PBXFileReference; fileEncoding = 4; lastKnownFileType = sourcecode.swift; name = Randomize.swift; path = Source/Randomize.swift; sourceTree = SOURCE_ROOT; };
		18B3D8F61A6EA30100759E04 /* Result.swift */ = {isa = PBXFileReference; fileEncoding = 4; lastKnownFileType = sourcecode.swift; name = Result.swift; path = Source/Result.swift; sourceTree = SOURCE_ROOT; };
		18B3D8F71A6EA30100759E04 /* Sequence.swift */ = {isa = PBXFileReference; fileEncoding = 4; lastKnownFileType = sourcecode.swift; name = Sequence.swift; path = Source/Sequence.swift; sourceTree = SOURCE_ROOT; };
		18B3D8F81A6EA30100759E04 /* String.swift */ = {isa = PBXFileReference; fileEncoding = 4; lastKnownFileType = sourcecode.swift; name = String.swift; path = Source/String.swift; sourceTree = SOURCE_ROOT; };
		18B3D8F91A6EA30100759E04 /* SynchronizedQueue.swift */ = {isa = PBXFileReference; fileEncoding = 4; lastKnownFileType = sourcecode.swift; name = SynchronizedQueue.swift; path = Source/SynchronizedQueue.swift; sourceTree = SOURCE_ROOT; };
		18B3D8FA1A6EA30100759E04 /* UIApplication.swift */ = {isa = PBXFileReference; fileEncoding = 4; lastKnownFileType = sourcecode.swift; name = UIApplication.swift; path = Source/UIApplication.swift; sourceTree = SOURCE_ROOT; };
		18B3D8FB1A6EA30100759E04 /* UIDevice.swift */ = {isa = PBXFileReference; fileEncoding = 4; lastKnownFileType = sourcecode.swift; name = UIDevice.swift; path = Source/UIDevice.swift; sourceTree = SOURCE_ROOT; };
		18B3D8FC1A6EA30100759E04 /* UIKeyboard.swift */ = {isa = PBXFileReference; fileEncoding = 4; lastKnownFileType = sourcecode.swift; name = UIKeyboard.swift; path = Source/UIKeyboard.swift; sourceTree = SOURCE_ROOT; };
		18B3D8FD1A6EA30100759E04 /* UserDefinedRuntimeAttributes.swift */ = {isa = PBXFileReference; fileEncoding = 4; lastKnownFileType = sourcecode.swift; name = UserDefinedRuntimeAttributes.swift; path = Source/UserDefinedRuntimeAttributes.swift; sourceTree = SOURCE_ROOT; };
/* End PBXFileReference section */

/* Begin PBXFrameworksBuildPhase section */
		18741C1D1A855927007F6C2E /* Frameworks */ = {
			isa = PBXFrameworksBuildPhase;
			buildActionMask = 2147483647;
			files = (
			);
			runOnlyForDeploymentPostprocessing = 0;
		};
		188021731A840F77005DCF02 /* Frameworks */ = {
			isa = PBXFrameworksBuildPhase;
			buildActionMask = 2147483647;
			files = (
			);
			runOnlyForDeploymentPostprocessing = 0;
		};
/* End PBXFrameworksBuildPhase section */

/* Begin PBXGroup section */
		18B3D8C51A6EA05D00759E04 = {
			isa = PBXGroup;
			children = (
				18B3D8D11A6EA05E00759E04 /* Jarod */,
				18B3D8D21A6EA05E00759E04 /* Supporting Files */,
				18B3D8D01A6EA05E00759E04 /* Products */,
			);
			sourceTree = "<group>";
		};
		18B3D8D01A6EA05E00759E04 /* Products */ = {
			isa = PBXGroup;
			children = (
				188021771A840F77005DCF02 /* Jarod.framework */,
				18741C211A855927007F6C2E /* Jarod.framework */,
			);
			name = Products;
			sourceTree = "<group>";
		};
		18B3D8D11A6EA05E00759E04 /* Jarod */ = {
			isa = PBXGroup;
			children = (
				183964F21A82673E00D6E78E /* Float.swift */,
				183964F01A82673400D6E78E /* BezierPath.swift */,
				183964F41A82674F00D6E78E /* Gradient.swift */,
				18B3D8EB1A6EA30100759E04 /* BezierPathData.swift */,
				18B3D8EC1A6EA30100759E04 /* Color.swift */,
				18B3D8ED1A6EA30100759E04 /* CoreData.swift */,
				18B3D8EE1A6EA30100759E04 /* Dispatch.swift */,
				18B3D8EF1A6EA30100759E04 /* Localization.swift */,
				18B3D8F01A6EA30100759E04 /* NSDate.swift */,
				18B3D8F11A6EA30100759E04 /* NSError.swift */,
				18B3D8F21A6EA30100759E04 /* NSFileManager.swift */,
				18B3D8F31A6EA30100759E04 /* NSTimer.swift */,
				18B3D8F41A6EA30100759E04 /* Platform.swift */,
				18B3D8F51A6EA30100759E04 /* Randomize.swift */,
				18B3D8F61A6EA30100759E04 /* Result.swift */,
				18B3D8F71A6EA30100759E04 /* Sequence.swift */,
				18B3D8F81A6EA30100759E04 /* String.swift */,
				18B3D8F91A6EA30100759E04 /* SynchronizedQueue.swift */,
				18B3D8FA1A6EA30100759E04 /* UIApplication.swift */,
				18B3D8FB1A6EA30100759E04 /* UIDevice.swift */,
				18B3D8FC1A6EA30100759E04 /* UIKeyboard.swift */,
				18B3D8FD1A6EA30100759E04 /* UserDefinedRuntimeAttributes.swift */,
			);
			path = Jarod;
			sourceTree = "<group>";
		};
		18B3D8D21A6EA05E00759E04 /* Supporting Files */ = {
			isa = PBXGroup;
			children = (
				1880217A1A840F77005DCF02 /* Info.plist */,
				18741C241A855927007F6C2E /* InfoOSX.plist */,
			);
			name = "Supporting Files";
			path = Jarod;
			sourceTree = "<group>";
		};
/* End PBXGroup section */

/* Begin PBXHeadersBuildPhase section */
		18741C1E1A855927007F6C2E /* Headers */ = {
			isa = PBXHeadersBuildPhase;
			buildActionMask = 2147483647;
			files = (
			);
			runOnlyForDeploymentPostprocessing = 0;
		};
		188021741A840F77005DCF02 /* Headers */ = {
			isa = PBXHeadersBuildPhase;
			buildActionMask = 2147483647;
			files = (
			);
			runOnlyForDeploymentPostprocessing = 0;
		};
/* End PBXHeadersBuildPhase section */

/* Begin PBXNativeTarget section */
		18741C201A855927007F6C2E /* JarodOSX */ = {
			isa = PBXNativeTarget;
			buildConfigurationList = 18741C341A855928007F6C2E /* Build configuration list for PBXNativeTarget "JarodOSX" */;
			buildPhases = (
				18741C1C1A855927007F6C2E /* Sources */,
				18741C1D1A855927007F6C2E /* Frameworks */,
				18741C1E1A855927007F6C2E /* Headers */,
				18741C1F1A855927007F6C2E /* Resources */,
			);
			buildRules = (
			);
			dependencies = (
			);
			name = JarodOSX;
			productName = JarodOSX;
			productReference = 18741C211A855927007F6C2E /* Jarod.framework */;
			productType = "com.apple.product-type.framework";
		};
		188021761A840F77005DCF02 /* Jarod */ = {
			isa = PBXNativeTarget;
			buildConfigurationList = 1880218A1A840F77005DCF02 /* Build configuration list for PBXNativeTarget "Jarod" */;
			buildPhases = (
				188021721A840F77005DCF02 /* Sources */,
				188021731A840F77005DCF02 /* Frameworks */,
				188021741A840F77005DCF02 /* Headers */,
				188021751A840F77005DCF02 /* Resources */,
			);
			buildRules = (
			);
			dependencies = (
			);
			name = Jarod;
			productName = Jarod;
			productReference = 188021771A840F77005DCF02 /* Jarod.framework */;
			productType = "com.apple.product-type.framework";
		};
/* End PBXNativeTarget section */

/* Begin PBXProject section */
		18B3D8C61A6EA05D00759E04 /* Project object */ = {
			isa = PBXProject;
			attributes = {
				LastUpgradeCheck = 0610;
				ORGANIZATIONNAME = "Jānis Kiršteins";
				TargetAttributes = {
					18741C201A855927007F6C2E = {
						CreatedOnToolsVersion = 6.1.1;
					};
					188021761A840F77005DCF02 = {
						CreatedOnToolsVersion = 6.1.1;
					};
				};
			};
			buildConfigurationList = 18B3D8C91A6EA05D00759E04 /* Build configuration list for PBXProject "Jarod" */;
			compatibilityVersion = "Xcode 3.2";
			developmentRegion = English;
			hasScannedForEncodings = 0;
			knownRegions = (
				en,
			);
			mainGroup = 18B3D8C51A6EA05D00759E04;
			productRefGroup = 18B3D8D01A6EA05E00759E04 /* Products */;
			projectDirPath = "";
			projectRoot = "";
			targets = (
				188021761A840F77005DCF02 /* Jarod */,
				18741C201A855927007F6C2E /* JarodOSX */,
			);
		};
/* End PBXProject section */

/* Begin PBXResourcesBuildPhase section */
		18741C1F1A855927007F6C2E /* Resources */ = {
			isa = PBXResourcesBuildPhase;
			buildActionMask = 2147483647;
			files = (
			);
			runOnlyForDeploymentPostprocessing = 0;
		};
		188021751A840F77005DCF02 /* Resources */ = {
			isa = PBXResourcesBuildPhase;
			buildActionMask = 2147483647;
			files = (
			);
			runOnlyForDeploymentPostprocessing = 0;
		};
/* End PBXResourcesBuildPhase section */

/* Begin PBXSourcesBuildPhase section */
		18741C1C1A855927007F6C2E /* Sources */ = {
			isa = PBXSourcesBuildPhase;
			buildActionMask = 2147483647;
			files = (
				189D59131A85617200176058 /* Float.swift in Sources */,
				189D59141A85617200176058 /* BezierPath.swift in Sources */,
				189D59151A85617200176058 /* Gradient.swift in Sources */,
				189D59161A85617200176058 /* BezierPathData.swift in Sources */,
				189D59171A85617200176058 /* Color.swift in Sources */,
				189D59181A85617200176058 /* CoreData.swift in Sources */,
				189D59191A85617200176058 /* Dispatch.swift in Sources */,
				189D591A1A85617200176058 /* Localization.swift in Sources */,
				189D591B1A85617200176058 /* NSDate.swift in Sources */,
				189D591C1A85617200176058 /* NSError.swift in Sources */,
				189D591D1A85617200176058 /* NSFileManager.swift in Sources */,
				189D591E1A85617200176058 /* NSTimer.swift in Sources */,
				189D591F1A85617200176058 /* Platform.swift in Sources */,
				189D59201A85617200176058 /* Randomize.swift in Sources */,
				189D59211A85617200176058 /* Result.swift in Sources */,
				189D59221A85617200176058 /* Sequence.swift in Sources */,
				189D59231A85617200176058 /* String.swift in Sources */,
				189D59241A85617200176058 /* SynchronizedQueue.swift in Sources */,
				189D59251A85617200176058 /* UIApplication.swift in Sources */,
				189D59261A85617200176058 /* UIDevice.swift in Sources */,
				189D59271A85617200176058 /* UIKeyboard.swift in Sources */,
				189D59281A85617200176058 /* UserDefinedRuntimeAttributes.swift in Sources */,
			);
			runOnlyForDeploymentPostprocessing = 0;
		};
		188021721A840F77005DCF02 /* Sources */ = {
			isa = PBXSourcesBuildPhase;
			buildActionMask = 2147483647;
			files = (
				188021901A840FF7005DCF02 /* Float.swift in Sources */,
				188021911A840FF7005DCF02 /* BezierPath.swift in Sources */,
				1880219F1A840FF7005DCF02 /* Sequence.swift in Sources */,
				188021921A840FF7005DCF02 /* Gradient.swift in Sources */,
				1880219C1A840FF7005DCF02 /* Platform.swift in Sources */,
				188021941A840FF7005DCF02 /* Color.swift in Sources */,
				1880219D1A840FF7005DCF02 /* Randomize.swift in Sources */,
				1880219E1A840FF7005DCF02 /* Result.swift in Sources */,
				188021A21A840FF7005DCF02 /* UIApplication.swift in Sources */,
				1880219A1A840FF7005DCF02 /* NSFileManager.swift in Sources */,
				188021981A840FF7005DCF02 /* NSDate.swift in Sources */,
				188021951A840FF7005DCF02 /* CoreData.swift in Sources */,
				188021931A840FF7005DCF02 /* BezierPathData.swift in Sources */,
				188021971A840FF7005DCF02 /* Localization.swift in Sources */,
				188021961A840FF7005DCF02 /* Dispatch.swift in Sources */,
				188021A31A840FF7005DCF02 /* UIDevice.swift in Sources */,
				188021A01A840FF7005DCF02 /* String.swift in Sources */,
				1880219B1A840FF7005DCF02 /* NSTimer.swift in Sources */,
				188021A51A840FF7005DCF02 /* UserDefinedRuntimeAttributes.swift in Sources */,
				188021A41A840FF7005DCF02 /* UIKeyboard.swift in Sources */,
				188021991A840FF7005DCF02 /* NSError.swift in Sources */,
				188021A11A840FF7005DCF02 /* SynchronizedQueue.swift in Sources */,
			);
			runOnlyForDeploymentPostprocessing = 0;
		};
/* End PBXSourcesBuildPhase section */

/* Begin XCBuildConfiguration section */
		18741C351A855928007F6C2E /* Debug */ = {
			isa = XCBuildConfiguration;
			buildSettings = {
				COMBINE_HIDPI_IMAGES = YES;
				DEFINES_MODULE = YES;
				DYLIB_COMPATIBILITY_VERSION = 1;
				DYLIB_CURRENT_VERSION = 1;
				DYLIB_INSTALL_NAME_BASE = "@rpath";
				FRAMEWORK_VERSION = A;
				GCC_PREPROCESSOR_DEFINITIONS = (
					"DEBUG=1",
					"$(inherited)",
				);
				INFOPLIST_FILE = Source/InfoOSX.plist;
				INSTALL_PATH = "$(LOCAL_LIBRARY_DIR)/Frameworks";
				LD_RUNPATH_SEARCH_PATHS = "$(inherited) @executable_path/../Frameworks @loader_path/Frameworks";
				MACOSX_DEPLOYMENT_TARGET = 10.10;
				PRODUCT_NAME = Jarod;
				SDKROOT = macosx;
				SKIP_INSTALL = YES;
			};
			name = Debug;
		};
		18741C361A855928007F6C2E /* Release */ = {
			isa = XCBuildConfiguration;
			buildSettings = {
				COMBINE_HIDPI_IMAGES = YES;
				DEBUG_INFORMATION_FORMAT = "dwarf-with-dsym";
				DEFINES_MODULE = YES;
				DYLIB_COMPATIBILITY_VERSION = 1;
				DYLIB_CURRENT_VERSION = 1;
				DYLIB_INSTALL_NAME_BASE = "@rpath";
				FRAMEWORK_VERSION = A;
				INFOPLIST_FILE = Source/InfoOSX.plist;
				INSTALL_PATH = "$(LOCAL_LIBRARY_DIR)/Frameworks";
				LD_RUNPATH_SEARCH_PATHS = "$(inherited) @executable_path/../Frameworks @loader_path/Frameworks";
				MACOSX_DEPLOYMENT_TARGET = 10.10;
				PRODUCT_NAME = Jarod;
				SDKROOT = macosx;
				SKIP_INSTALL = YES;
			};
			name = Release;
		};
		1880218B1A840F77005DCF02 /* Debug */ = {
			isa = XCBuildConfiguration;
			buildSettings = {
				DEFINES_MODULE = YES;
				DYLIB_COMPATIBILITY_VERSION = 1;
				DYLIB_CURRENT_VERSION = 1;
				DYLIB_INSTALL_NAME_BASE = "@rpath";
				GCC_PREPROCESSOR_DEFINITIONS = (
					"DEBUG=1",
					"$(inherited)",
				);
				INFOPLIST_FILE = Source/Info.plist;
				INSTALL_PATH = "$(LOCAL_LIBRARY_DIR)/Frameworks";
				IPHONEOS_DEPLOYMENT_TARGET = 8.0;
				LD_RUNPATH_SEARCH_PATHS = "$(inherited) @executable_path/Frameworks @loader_path/Frameworks";
				PRODUCT_NAME = "$(TARGET_NAME)";
				SKIP_INSTALL = YES;
			};
			name = Debug;
		};
		1880218C1A840F77005DCF02 /* Release */ = {
			isa = XCBuildConfiguration;
			buildSettings = {
				DEFINES_MODULE = YES;
				DYLIB_COMPATIBILITY_VERSION = 1;
				DYLIB_CURRENT_VERSION = 1;
				DYLIB_INSTALL_NAME_BASE = "@rpath";
				INFOPLIST_FILE = Source/Info.plist;
				INSTALL_PATH = "$(LOCAL_LIBRARY_DIR)/Frameworks";
				IPHONEOS_DEPLOYMENT_TARGET = 8.0;
				LD_RUNPATH_SEARCH_PATHS = "$(inherited) @executable_path/Frameworks @loader_path/Frameworks";
				PRODUCT_NAME = "$(TARGET_NAME)";
				SKIP_INSTALL = YES;
			};
			name = Release;
		};
		18B3D8E31A6EA05E00759E04 /* Debug */ = {
			isa = XCBuildConfiguration;
			buildSettings = {
				ALWAYS_SEARCH_USER_PATHS = NO;
				CLANG_CXX_LANGUAGE_STANDARD = "gnu++0x";
				CLANG_CXX_LIBRARY = "libc++";
				CLANG_ENABLE_MODULES = YES;
				CLANG_ENABLE_OBJC_ARC = YES;
				CLANG_WARN_BOOL_CONVERSION = YES;
				CLANG_WARN_CONSTANT_CONVERSION = YES;
				CLANG_WARN_DIRECT_OBJC_ISA_USAGE = YES_ERROR;
				CLANG_WARN_EMPTY_BODY = YES;
				CLANG_WARN_ENUM_CONVERSION = YES;
				CLANG_WARN_INT_CONVERSION = YES;
				CLANG_WARN_OBJC_ROOT_CLASS = YES_ERROR;
				CLANG_WARN_UNREACHABLE_CODE = YES;
				CLANG_WARN__DUPLICATE_METHOD_MATCH = YES;
				"CODE_SIGN_IDENTITY[sdk=iphoneos*]" = "iPhone Developer";
				COPY_PHASE_STRIP = NO;
				CURRENT_PROJECT_VERSION = 1;
				ENABLE_STRICT_OBJC_MSGSEND = YES;
				GCC_C_LANGUAGE_STANDARD = gnu99;
				GCC_DYNAMIC_NO_PIC = NO;
				GCC_OPTIMIZATION_LEVEL = 0;
				GCC_PREPROCESSOR_DEFINITIONS = (
					"DEBUG=1",
					"$(inherited)",
				);
				GCC_SYMBOLS_PRIVATE_EXTERN = NO;
				GCC_WARN_64_TO_32_BIT_CONVERSION = YES;
				GCC_WARN_ABOUT_RETURN_TYPE = YES_ERROR;
				GCC_WARN_UNDECLARED_SELECTOR = YES;
				GCC_WARN_UNINITIALIZED_AUTOS = YES_AGGRESSIVE;
				GCC_WARN_UNUSED_FUNCTION = YES;
				GCC_WARN_UNUSED_VARIABLE = YES;
				IPHONEOS_DEPLOYMENT_TARGET = 8.1;
				MTL_ENABLE_DEBUG_INFO = YES;
				ONLY_ACTIVE_ARCH = YES;
				SDKROOT = iphoneos;
				SWIFT_OPTIMIZATION_LEVEL = "-Onone";
				TARGETED_DEVICE_FAMILY = "1,2";
				VERSIONING_SYSTEM = "apple-generic";
				VERSION_INFO_PREFIX = "";
			};
			name = Debug;
		};
		18B3D8E41A6EA05E00759E04 /* Release */ = {
			isa = XCBuildConfiguration;
			buildSettings = {
				ALWAYS_SEARCH_USER_PATHS = NO;
				CLANG_CXX_LANGUAGE_STANDARD = "gnu++0x";
				CLANG_CXX_LIBRARY = "libc++";
				CLANG_ENABLE_MODULES = YES;
				CLANG_ENABLE_OBJC_ARC = YES;
				CLANG_WARN_BOOL_CONVERSION = YES;
				CLANG_WARN_CONSTANT_CONVERSION = YES;
				CLANG_WARN_DIRECT_OBJC_ISA_USAGE = YES_ERROR;
				CLANG_WARN_EMPTY_BODY = YES;
				CLANG_WARN_ENUM_CONVERSION = YES;
				CLANG_WARN_INT_CONVERSION = YES;
				CLANG_WARN_OBJC_ROOT_CLASS = YES_ERROR;
				CLANG_WARN_UNREACHABLE_CODE = YES;
				CLANG_WARN__DUPLICATE_METHOD_MATCH = YES;
				"CODE_SIGN_IDENTITY[sdk=iphoneos*]" = "iPhone Developer";
				COPY_PHASE_STRIP = YES;
				CURRENT_PROJECT_VERSION = 1;
				ENABLE_NS_ASSERTIONS = NO;
				ENABLE_STRICT_OBJC_MSGSEND = YES;
				GCC_C_LANGUAGE_STANDARD = gnu99;
				GCC_WARN_64_TO_32_BIT_CONVERSION = YES;
				GCC_WARN_ABOUT_RETURN_TYPE = YES_ERROR;
				GCC_WARN_UNDECLARED_SELECTOR = YES;
				GCC_WARN_UNINITIALIZED_AUTOS = YES_AGGRESSIVE;
				GCC_WARN_UNUSED_FUNCTION = YES;
				GCC_WARN_UNUSED_VARIABLE = YES;
				IPHONEOS_DEPLOYMENT_TARGET = 8.1;
				MTL_ENABLE_DEBUG_INFO = NO;
				SDKROOT = iphoneos;
				TARGETED_DEVICE_FAMILY = "1,2";
				VALIDATE_PRODUCT = YES;
				VERSIONING_SYSTEM = "apple-generic";
				VERSION_INFO_PREFIX = "";
			};
			name = Release;
		};
/* End XCBuildConfiguration section */

/* Begin XCConfigurationList section */
		18741C341A855928007F6C2E /* Build configuration list for PBXNativeTarget "JarodOSX" */ = {
			isa = XCConfigurationList;
			buildConfigurations = (
				18741C351A855928007F6C2E /* Debug */,
				18741C361A855928007F6C2E /* Release */,
			);
			defaultConfigurationIsVisible = 0;
			defaultConfigurationName = Release;
		};
		1880218A1A840F77005DCF02 /* Build configuration list for PBXNativeTarget "Jarod" */ = {
			isa = XCConfigurationList;
			buildConfigurations = (
				1880218B1A840F77005DCF02 /* Debug */,
				1880218C1A840F77005DCF02 /* Release */,
			);
			defaultConfigurationIsVisible = 0;
			defaultConfigurationName = Release;
		};
		18B3D8C91A6EA05D00759E04 /* Build configuration list for PBXProject "Jarod" */ = {
			isa = XCConfigurationList;
			buildConfigurations = (
				18B3D8E31A6EA05E00759E04 /* Debug */,
				18B3D8E41A6EA05E00759E04 /* Release */,
			);
			defaultConfigurationIsVisible = 0;
			defaultConfigurationName = Release;
		};
/* End XCConfigurationList section */
	};
	rootObject = 18B3D8C61A6EA05D00759E04 /* Project object */;
}
